
Microsoft Visual Studio Solution File, Format Version 12.00
# Visual Studio Version 17
VisualStudioVersion = 17.14.36518.9 d17.14
MinimumVisualStudioVersion = 10.0.40219.1
Project("{FAE04EC0-301F-11D3-BF4B-00C04F79EFBC}") = "Market", "Market.csproj", "{50BF2CB8-D422-4AE5-8500-DC9415C964A5}"
EndProject
Global
	GlobalSection(SolutionConfigurationPlatforms) = preSolution
		Debug|Any CPU = Debug|Any CPU
		Release|Any CPU = Release|Any CPU
	EndGlobalSection
	GlobalSection(ProjectConfigurationPlatforms) = postSolution
		{50BF2CB8-D422-4AE5-8500-DC9415C964A5}.Debug|Any CPU.ActiveCfg = Debug|Any CPU
		{50BF2CB8-D422-4AE5-8500-DC9415C964A5}.Debug|Any CPU.Build.0 = Debug|Any CPU
		{50BF2CB8-D422-4AE5-8500-DC9415C964A5}.Release|Any CPU.ActiveCfg = Release|Any CPU
		{50BF2CB8-D422-4AE5-8500-DC9415C964A5}.Release|Any CPU.Build.0 = Release|Any CPU
	EndGlobalSection
	GlobalSection(SolutionProperties) = preSolution
		HideSolutionNode = FALSE
	EndGlobalSection
	GlobalSection(ExtensibilityGlobals) = postSolution
		SolutionGuid = {BA25BEDD-9053-45E1-87D7-A3E6B0C833C7}
	EndGlobalSection
EndGlobal
